
Microsoft Visual Studio Solution File, Format Version 12.00
# Visual Studio Version 16
VisualStudioVersion = 16.0.29613.14
MinimumVisualStudioVersion = 10.0.40219.1
Project("{FAE04EC0-301F-11D3-BF4B-00C04F79EFBC}") = "EDnevnik", "EDnevnik.csproj", "{812F97BA-CAE8-4251-A92C-B7F3748C448E}"
EndProject
Global
	GlobalSection(SolutionConfigurationPlatforms) = preSolution
		Debug|Any CPU = Debug|Any CPU
		Release|Any CPU = Release|Any CPU
	EndGlobalSection
	GlobalSection(ProjectConfigurationPlatforms) = postSolution
		{812F97BA-CAE8-4251-A92C-B7F3748C448E}.Debug|Any CPU.ActiveCfg = Debug|Any CPU
		{812F97BA-CAE8-4251-A92C-B7F3748C448E}.Debug|Any CPU.Build.0 = Debug|Any CPU
		{812F97BA-CAE8-4251-A92C-B7F3748C448E}.Release|Any CPU.ActiveCfg = Release|Any CPU
		{812F97BA-CAE8-4251-A92C-B7F3748C448E}.Release|Any CPU.Build.0 = Release|Any CPU
	EndGlobalSection
	GlobalSection(SolutionProperties) = preSolution
		HideSolutionNode = FALSE
	EndGlobalSection
	GlobalSection(ExtensibilityGlobals) = postSolution
		SolutionGuid = {3FD800C5-EE98-4F2E-BA05-EAF9F6ECE396}
	EndGlobalSection
EndGlobal
